
Microsoft Visual Studio Solution File, Format Version 12.00
# Visual Studio Version 16
VisualStudioVersion = 16.0.30204.135
MinimumVisualStudioVersion = 10.0.40219.1
Project("{2150E333-8FDC-42A3-9474-1A3956D46DE8}") = "XAF", "XAF", "{01237C34-6F5A-4CA9-8058-773871F6C6F4}"
EndProject
Project("{FAE04EC0-301F-11D3-BF4B-00C04F79EFBC}") = "Cube.Module", "Cube.Module\Cube.Module.csproj", "{5F15837D-D1E5-44DC-92F0-4F2EBE9C3F8D}"
EndProject
Project("{FAE04EC0-301F-11D3-BF4B-00C04F79EFBC}") = "Cube.Module.Win", "Cube.Module.Win\Cube.Module.Win.csproj", "{7964F87D-BC5D-4C4E-8B2F-71E89739AA97}"
EndProject
Project("{FAE04EC0-301F-11D3-BF4B-00C04F79EFBC}") = "Cube.Win", "Cube.Win\Cube.Win.csproj", "{D05D93DF-312D-4D4E-B980-726871EC7833}"
EndProject
Project("{2150E333-8FDC-42A3-9474-1A3956D46DE8}") = "Solution Items", "Solution Items", "{09B67B4B-7844-45D2-8FD3-3A77AA80B7FA}"
	ProjectSection(SolutionItems) = preProject
		.gitignore = .gitignore
		Plan.txt = Plan.txt
	EndProjectSection
EndProject
Project("{FAE04EC0-301F-11D3-BF4B-00C04F79EFBC}") = "Cube.Import.Excel", "Cube.Import.Excel\Cube.Import.Excel.csproj", "{E1F95204-5A7B-4AEC-A881-39A02612979A}"
EndProject
Project("{2150E333-8FDC-42A3-9474-1A3956D46DE8}") = "Setup", "Setup", "{791860A5-3948-4A83-A966-8A91997D08E1}"
EndProject
Project("{930C7802-8A8C-48F9-8165-68863BCCD9DD}") = "Cube.Setup", "Cube.Setup\Cube.Setup.wixproj", "{758D5865-FC7E-4647-B839-9590FC640B92}"
EndProject
Global
	GlobalSection(SolutionConfigurationPlatforms) = preSolution
		Debug|Any CPU = Debug|Any CPU
		Debug|x86 = Debug|x86
		EasyTest|Any CPU = EasyTest|Any CPU
		EasyTest|x86 = EasyTest|x86
		Release|Any CPU = Release|Any CPU
		Release|x86 = Release|x86
	EndGlobalSection
	GlobalSection(ProjectConfigurationPlatforms) = postSolution
		{5F15837D-D1E5-44DC-92F0-4F2EBE9C3F8D}.Debug|Any CPU.ActiveCfg = Debug|Any CPU
		{5F15837D-D1E5-44DC-92F0-4F2EBE9C3F8D}.Debug|Any CPU.Build.0 = Debug|Any CPU
		{5F15837D-D1E5-44DC-92F0-4F2EBE9C3F8D}.Debug|x86.ActiveCfg = Debug|Any CPU
		{5F15837D-D1E5-44DC-92F0-4F2EBE9C3F8D}.Debug|x86.Build.0 = Debug|Any CPU
		{5F15837D-D1E5-44DC-92F0-4F2EBE9C3F8D}.EasyTest|Any CPU.ActiveCfg = EasyTest|Any CPU
		{5F15837D-D1E5-44DC-92F0-4F2EBE9C3F8D}.EasyTest|Any CPU.Build.0 = EasyTest|Any CPU
		{5F15837D-D1E5-44DC-92F0-4F2EBE9C3F8D}.EasyTest|x86.ActiveCfg = EasyTest|Any CPU
		{5F15837D-D1E5-44DC-92F0-4F2EBE9C3F8D}.EasyTest|x86.Build.0 = EasyTest|Any CPU
		{5F15837D-D1E5-44DC-92F0-4F2EBE9C3F8D}.Release|Any CPU.ActiveCfg = Release|Any CPU
		{5F15837D-D1E5-44DC-92F0-4F2EBE9C3F8D}.Release|Any CPU.Build.0 = Release|Any CPU
		{5F15837D-D1E5-44DC-92F0-4F2EBE9C3F8D}.Release|x86.ActiveCfg = Release|Any CPU
		{5F15837D-D1E5-44DC-92F0-4F2EBE9C3F8D}.Release|x86.Build.0 = Release|Any CPU
		{7964F87D-BC5D-4C4E-8B2F-71E89739AA97}.Debug|Any CPU.ActiveCfg = Debug|Any CPU
		{7964F87D-BC5D-4C4E-8B2F-71E89739AA97}.Debug|Any CPU.Build.0 = Debug|Any CPU
		{7964F87D-BC5D-4C4E-8B2F-71E89739AA97}.Debug|x86.ActiveCfg = Debug|Any CPU
		{7964F87D-BC5D-4C4E-8B2F-71E89739AA97}.Debug|x86.Build.0 = Debug|Any CPU
		{7964F87D-BC5D-4C4E-8B2F-71E89739AA97}.EasyTest|Any CPU.ActiveCfg = EasyTest|Any CPU
		{7964F87D-BC5D-4C4E-8B2F-71E89739AA97}.EasyTest|Any CPU.Build.0 = EasyTest|Any CPU
		{7964F87D-BC5D-4C4E-8B2F-71E89739AA97}.EasyTest|x86.ActiveCfg = EasyTest|Any CPU
		{7964F87D-BC5D-4C4E-8B2F-71E89739AA97}.EasyTest|x86.Build.0 = EasyTest|Any CPU
		{7964F87D-BC5D-4C4E-8B2F-71E89739AA97}.Release|Any CPU.ActiveCfg = Release|Any CPU
		{7964F87D-BC5D-4C4E-8B2F-71E89739AA97}.Release|Any CPU.Build.0 = Release|Any CPU
		{7964F87D-BC5D-4C4E-8B2F-71E89739AA97}.Release|x86.ActiveCfg = Release|Any CPU
		{7964F87D-BC5D-4C4E-8B2F-71E89739AA97}.Release|x86.Build.0 = Release|Any CPU
		{D05D93DF-312D-4D4E-B980-726871EC7833}.Debug|Any CPU.ActiveCfg = Debug|Any CPU
		{D05D93DF-312D-4D4E-B980-726871EC7833}.Debug|Any CPU.Build.0 = Debug|Any CPU
		{D05D93DF-312D-4D4E-B980-726871EC7833}.Debug|x86.ActiveCfg = Debug|Any CPU
		{D05D93DF-312D-4D4E-B980-726871EC7833}.Debug|x86.Build.0 = Debug|Any CPU
		{D05D93DF-312D-4D4E-B980-726871EC7833}.EasyTest|Any CPU.ActiveCfg = EasyTest|Any CPU
		{D05D93DF-312D-4D4E-B980-726871EC7833}.EasyTest|Any CPU.Build.0 = EasyTest|Any CPU
		{D05D93DF-312D-4D4E-B980-726871EC7833}.EasyTest|x86.ActiveCfg = EasyTest|Any CPU
		{D05D93DF-312D-4D4E-B980-726871EC7833}.EasyTest|x86.Build.0 = EasyTest|Any CPU
		{D05D93DF-312D-4D4E-B980-726871EC7833}.Release|Any CPU.ActiveCfg = Release|Any CPU
		{D05D93DF-312D-4D4E-B980-726871EC7833}.Release|Any CPU.Build.0 = Release|Any CPU
		{D05D93DF-312D-4D4E-B980-726871EC7833}.Release|x86.ActiveCfg = Release|Any CPU
		{D05D93DF-312D-4D4E-B980-726871EC7833}.Release|x86.Build.0 = Release|Any CPU
		{E1F95204-5A7B-4AEC-A881-39A02612979A}.Debug|Any CPU.ActiveCfg = Debug|Any CPU
		{E1F95204-5A7B-4AEC-A881-39A02612979A}.Debug|Any CPU.Build.0 = Debug|Any CPU
		{E1F95204-5A7B-4AEC-A881-39A02612979A}.Debug|x86.ActiveCfg = Debug|Any CPU
		{E1F95204-5A7B-4AEC-A881-39A02612979A}.Debug|x86.Build.0 = Debug|Any CPU
		{E1F95204-5A7B-4AEC-A881-39A02612979A}.EasyTest|Any CPU.ActiveCfg = Release|Any CPU
		{E1F95204-5A7B-4AEC-A881-39A02612979A}.EasyTest|Any CPU.Build.0 = Release|Any CPU
		{E1F95204-5A7B-4AEC-A881-39A02612979A}.EasyTest|x86.ActiveCfg = Release|Any CPU
		{E1F95204-5A7B-4AEC-A881-39A02612979A}.EasyTest|x86.Build.0 = Release|Any CPU
		{E1F95204-5A7B-4AEC-A881-39A02612979A}.Release|Any CPU.ActiveCfg = Release|Any CPU
		{E1F95204-5A7B-4AEC-A881-39A02612979A}.Release|Any CPU.Build.0 = Release|Any CPU
		{E1F95204-5A7B-4AEC-A881-39A02612979A}.Release|x86.ActiveCfg = Release|Any CPU
		{E1F95204-5A7B-4AEC-A881-39A02612979A}.Release|x86.Build.0 = Release|Any CPU
		{758D5865-FC7E-4647-B839-9590FC640B92}.Debug|Any CPU.ActiveCfg = Debug|x64
		{758D5865-FC7E-4647-B839-9590FC640B92}.Debug|x86.ActiveCfg = Debug|x86
		{758D5865-FC7E-4647-B839-9590FC640B92}.Debug|x86.Build.0 = Debug|x86
		{758D5865-FC7E-4647-B839-9590FC640B92}.EasyTest|Any CPU.ActiveCfg = Release|x86
		{758D5865-FC7E-4647-B839-9590FC640B92}.EasyTest|Any CPU.Build.0 = Release|x86
		{758D5865-FC7E-4647-B839-9590FC640B92}.EasyTest|x86.ActiveCfg = Release|x86
		{758D5865-FC7E-4647-B839-9590FC640B92}.EasyTest|x86.Build.0 = Release|x86
		{758D5865-FC7E-4647-B839-9590FC640B92}.Release|Any CPU.ActiveCfg = Release|x86
		{758D5865-FC7E-4647-B839-9590FC640B92}.Release|x86.ActiveCfg = Release|x86
		{758D5865-FC7E-4647-B839-9590FC640B92}.Release|x86.Build.0 = Release|x86
	EndGlobalSection
	GlobalSection(SolutionProperties) = preSolution
		HideSolutionNode = FALSE
	EndGlobalSection
	GlobalSection(NestedProjects) = preSolution
		{5F15837D-D1E5-44DC-92F0-4F2EBE9C3F8D} = {01237C34-6F5A-4CA9-8058-773871F6C6F4}
		{7964F87D-BC5D-4C4E-8B2F-71E89739AA97} = {01237C34-6F5A-4CA9-8058-773871F6C6F4}
		{D05D93DF-312D-4D4E-B980-726871EC7833} = {01237C34-6F5A-4CA9-8058-773871F6C6F4}
		{E1F95204-5A7B-4AEC-A881-39A02612979A} = {01237C34-6F5A-4CA9-8058-773871F6C6F4}
		{758D5865-FC7E-4647-B839-9590FC640B92} = {791860A5-3948-4A83-A966-8A91997D08E1}
	EndGlobalSection
	GlobalSection(ExtensibilityGlobals) = postSolution
		SolutionGuid = {12166D32-F45B-41FA-976D-C7373A0CC98D}
	EndGlobalSection
EndGlobal
